
Microsoft Visual Studio Solution File, Format Version 12.00
# Visual Studio 15
VisualStudioVersion = 15.0.25920.0
MinimumVisualStudioVersion = 10.0.40219.1
Project("{2150E333-8FDC-42A3-9474-1A3956D46DE8}") = "src", "src", "{0B66648F-7DBF-4894-B924-F5088E434C35}"
EndProject
Project("{FAE04EC0-301F-11D3-BF4B-00C04F79EFBC}") = "Hans.Identity", "src\Hans.Identity\Hans.Identity.csproj", "{A29B32ED-615E-4568-BD4C-6330D2E5D814}"
EndProject
Project("{2150E333-8FDC-42A3-9474-1A3956D46DE8}") = "test", "test", "{C875FB14-F53A-475F-95E6-F8B4F28224B1}"
EndProject
Project("{FAE04EC0-301F-11D3-BF4B-00C04F79EFBC}") = "Hans.Identity.Tests", "test\Hans.Identity.Tests\Hans.Identity.Tests.csproj", "{3D51E37D-0ED9-436C-B87F-768828DD8CE1}"
EndProject
Global
	GlobalSection(SolutionConfigurationPlatforms) = preSolution
		Debug|Any CPU = Debug|Any CPU
		Release|Any CPU = Release|Any CPU
	EndGlobalSection
	GlobalSection(ProjectConfigurationPlatforms) = postSolution
		{A29B32ED-615E-4568-BD4C-6330D2E5D814}.Debug|Any CPU.ActiveCfg = Debug|Any CPU
		{A29B32ED-615E-4568-BD4C-6330D2E5D814}.Debug|Any CPU.Build.0 = Debug|Any CPU
		{A29B32ED-615E-4568-BD4C-6330D2E5D814}.Release|Any CPU.ActiveCfg = Release|Any CPU
		{A29B32ED-615E-4568-BD4C-6330D2E5D814}.Release|Any CPU.Build.0 = Release|Any CPU
		{3D51E37D-0ED9-436C-B87F-768828DD8CE1}.Debug|Any CPU.ActiveCfg = Debug|Any CPU
		{3D51E37D-0ED9-436C-B87F-768828DD8CE1}.Debug|Any CPU.Build.0 = Debug|Any CPU
		{3D51E37D-0ED9-436C-B87F-768828DD8CE1}.Release|Any CPU.ActiveCfg = Release|Any CPU
		{3D51E37D-0ED9-436C-B87F-768828DD8CE1}.Release|Any CPU.Build.0 = Release|Any CPU
	EndGlobalSection
	GlobalSection(SolutionProperties) = preSolution
		HideSolutionNode = FALSE
	EndGlobalSection
	GlobalSection(NestedProjects) = preSolution
		{A29B32ED-615E-4568-BD4C-6330D2E5D814} = {0B66648F-7DBF-4894-B924-F5088E434C35}
		{3D51E37D-0ED9-436C-B87F-768828DD8CE1} = {C875FB14-F53A-475F-95E6-F8B4F28224B1}
	EndGlobalSection
EndGlobal
